// !$*UTF8*$!
{
	archiveVersion = 1;
	classes = {
	};
	objectVersion = 50;
	objects = {

/* Begin PBXBuildFile section */
		1D18A6972137D294003D705B /* ActivationScreen.swift in Sources */ = {isa = PBXBuildFile; fileRef = 1D18A6952137D294003D705B /* ActivationScreen.swift */; };
		1D18A6982137D294003D705B /* ActivationScreen.xib in Resources */ = {isa = PBXBuildFile; fileRef = 1D18A6962137D294003D705B /* ActivationScreen.xib */; };
		1D18A69B2138137B003D705B /* MyUtils.swift in Sources */ = {isa = PBXBuildFile; fileRef = 1D18A69A2138137B003D705B /* MyUtils.swift */; };
		1D1DE03221397032003AAFAC /* CmsMaster.swift in Sources */ = {isa = PBXBuildFile; fileRef = 1D1DE03121397032003AAFAC /* CmsMaster.swift */; };
		1D1DE03421397D1C003AAFAC /* DataStore.swift in Sources */ = {isa = PBXBuildFile; fileRef = 1D1DE03321397D1C003AAFAC /* DataStore.swift */; };
		1D1DE0362139897B003AAFAC /* RestcallManager.swift in Sources */ = {isa = PBXBuildFile; fileRef = 1D1DE0352139897B003AAFAC /* RestcallManager.swift */; };
		1D219AD92126D8FF0078B9F3 /* MerchandiseLIst.xib in Resources */ = {isa = PBXBuildFile; fileRef = 1D219AD82126D8FF0078B9F3 /* MerchandiseLIst.xib */; };
		1D219ADB2126DD5C0078B9F3 /* product_img.png in Resources */ = {isa = PBXBuildFile; fileRef = 1D219ADA2126DD5C0078B9F3 /* product_img.png */; };
		1D36BAC621108A370024FB89 /* Splash.swift in Sources */ = {isa = PBXBuildFile; fileRef = 1D36BAC421108A370024FB89 /* Splash.swift */; };
		1D36BAC721108A370024FB89 /* Splash.xib in Resources */ = {isa = PBXBuildFile; fileRef = 1D36BAC521108A370024FB89 /* Splash.xib */; };
		1D36BAC921108F100024FB89 /* m_logo.png in Resources */ = {isa = PBXBuildFile; fileRef = 1D36BAC821108F0F0024FB89 /* m_logo.png */; };
		1D36BACC211092410024FB89 /* background.png in Resources */ = {isa = PBXBuildFile; fileRef = 1D36BACB211092410024FB89 /* background.png */; };
		1D36BACE211092610024FB89 /* background_568.png in Resources */ = {isa = PBXBuildFile; fileRef = 1D36BACD211092610024FB89 /* background_568.png */; };
		1D36BAD02110A0EA0024FB89 /* rider_rating.png in Resources */ = {isa = PBXBuildFile; fileRef = 1D36BACF2110A0EA0024FB89 /* rider_rating.png */; };
		1D36BAD22110A1900024FB89 /* close.png in Resources */ = {isa = PBXBuildFile; fileRef = 1D36BAD12110A18F0024FB89 /* close.png */; };
		1D4775A521392D0E00365F06 /* BaseViewController.swift in Sources */ = {isa = PBXBuildFile; fileRef = 1D4775A421392D0E00365F06 /* BaseViewController.swift */; };
		1D6C6E34210EEC4600652369 /* AppDelegate.swift in Sources */ = {isa = PBXBuildFile; fileRef = 1D6C6E33210EEC4600652369 /* AppDelegate.swift */; };
		1D6C6E36210EEC4600652369 /* TabbarController.swift in Sources */ = {isa = PBXBuildFile; fileRef = 1D6C6E35210EEC4600652369 /* TabbarController.swift */; };
		1D6C6E39210EEC4600652369 /* Main.storyboard in Resources */ = {isa = PBXBuildFile; fileRef = 1D6C6E37210EEC4600652369 /* Main.storyboard */; };
		1D6C6E3B210EEC4800652369 /* Assets.xcassets in Resources */ = {isa = PBXBuildFile; fileRef = 1D6C6E3A210EEC4800652369 /* Assets.xcassets */; };
		1D6C6E3E210EEC4800652369 /* LaunchScreen.storyboard in Resources */ = {isa = PBXBuildFile; fileRef = 1D6C6E3C210EEC4800652369 /* LaunchScreen.storyboard */; };
		1D7ADE13213E5A7600061AC8 /* UserMaster.swift in Sources */ = {isa = PBXBuildFile; fileRef = 1D7ADE12213E5A7600061AC8 /* UserMaster.swift */; };
		1D7ADE15213E8FB700061AC8 /* logo_black.png in Resources */ = {isa = PBXBuildFile; fileRef = 1D7ADE14213E8FB400061AC8 /* logo_black.png */; };
		1D7ADE1A213EB59B00061AC8 /* paradise_grill.png in Resources */ = {isa = PBXBuildFile; fileRef = 1D7ADE16213EB59A00061AC8 /* paradise_grill.png */; };
		1D7ADE1B213EB59B00061AC8 /* membership.png in Resources */ = {isa = PBXBuildFile; fileRef = 1D7ADE17213EB59B00061AC8 /* membership.png */; };
		1D7ADE1C213EB59B00061AC8 /* digital_beach_pass.png in Resources */ = {isa = PBXBuildFile; fileRef = 1D7ADE18213EB59B00061AC8 /* digital_beach_pass.png */; };
		1D7ADE1D213EB59B00061AC8 /* marco_island_bg.png in Resources */ = {isa = PBXBuildFile; fileRef = 1D7ADE19213EB59B00061AC8 /* marco_island_bg.png */; };
		1D7ADE1F213EBF1900061AC8 /* HomeViewController.swift in Sources */ = {isa = PBXBuildFile; fileRef = 1D7ADE1E213EBF1900061AC8 /* HomeViewController.swift */; };
		1D7ADE21213EC7F600061AC8 /* DashboardMaster.swift in Sources */ = {isa = PBXBuildFile; fileRef = 1D7ADE20213EC7F500061AC8 /* DashboardMaster.swift */; };
		1D7ADE26213ED11000061AC8 /* AsyncImageView.m in Sources */ = {isa = PBXBuildFile; fileRef = 1D7ADE25213ED10F00061AC8 /* AsyncImageView.m */; };
		1D9D2F02211323A600867DB1 /* DashboardItem.xib in Resources */ = {isa = PBXBuildFile; fileRef = 1D9D2F01211323A600867DB1 /* DashboardItem.xib */; };
		1D9D2F04211325F200867DB1 /* beach_opening_bg.png in Resources */ = {isa = PBXBuildFile; fileRef = 1D9D2F03211325F200867DB1 /* beach_opening_bg.png */; };
		1D9D2F0621132DAF00867DB1 /* LoginPopup.xib in Resources */ = {isa = PBXBuildFile; fileRef = 1D9D2F0521132DAF00867DB1 /* LoginPopup.xib */; };
		1D9F8CB8213D43E600E10DB6 /* AFNetworking.framework in Frameworks */ = {isa = PBXBuildFile; fileRef = 1D9F8CB7213D43E600E10DB6 /* AFNetworking.framework */; };
		1D9F8CBA213D43E900E10DB6 /* Alamofire.framework in Frameworks */ = {isa = PBXBuildFile; fileRef = 1D9F8CB9213D43E900E10DB6 /* Alamofire.framework */; };
		1D9F8CBD213D463400E10DB6 /* Connectivity.swift in Sources */ = {isa = PBXBuildFile; fileRef = 1D9F8CBC213D463400E10DB6 /* Connectivity.swift */; };
		1D9F8CBF213D4DD000E10DB6 /* WebServiceResponse.swift in Sources */ = {isa = PBXBuildFile; fileRef = 1D9F8CBE213D4DCF00E10DB6 /* WebServiceResponse.swift */; };
		1D9F8CC2213D6F0400E10DB6 /* GlobalVariable.swift in Sources */ = {isa = PBXBuildFile; fileRef = 1D9F8CC1213D6F0400E10DB6 /* GlobalVariable.swift */; };
		D213691B95C3F7C4A7B13C92 /* Pods_marcoisland.framework in Frameworks */ = {isa = PBXBuildFile; fileRef = DB96681F7C0320529C19BDD5 /* Pods_marcoisland.framework */; };
		DCD29F65213F0548008FAC63 /* BeachPassViewController.swift in Sources */ = {isa = PBXBuildFile; fileRef = DCD29F64213F0548008FAC63 /* BeachPassViewController.swift */; };
		DCD29F6D213F0784008FAC63 /* right_arrow.png in Resources */ = {isa = PBXBuildFile; fileRef = DCD29F66213F0780008FAC63 /* right_arrow.png */; };
		DCD29F6E213F0784008FAC63 /* no_image.png in Resources */ = {isa = PBXBuildFile; fileRef = DCD29F67213F0780008FAC63 /* no_image.png */; };
		DCD29F6F213F0784008FAC63 /* user_inactive_border.png in Resources */ = {isa = PBXBuildFile; fileRef = DCD29F68213F0781008FAC63 /* user_inactive_border.png */; };
		DCD29F70213F0784008FAC63 /* qr_code.png in Resources */ = {isa = PBXBuildFile; fileRef = DCD29F69213F0781008FAC63 /* qr_code.png */; };
		DCD29F71213F0784008FAC63 /* product_img.png in Resources */ = {isa = PBXBuildFile; fileRef = DCD29F6A213F0782008FAC63 /* product_img.png */; };
		DCD29F72213F0784008FAC63 /* user.png in Resources */ = {isa = PBXBuildFile; fileRef = DCD29F6B213F0783008FAC63 /* user.png */; };
		DCD29F73213F0784008FAC63 /* user_active_border.png in Resources */ = {isa = PBXBuildFile; fileRef = DCD29F6C213F0784008FAC63 /* user_active_border.png */; };
/* End PBXBuildFile section */

/* Begin PBXFileReference section */
		1D18A6952137D294003D705B /* ActivationScreen.swift */ = {isa = PBXFileReference; lastKnownFileType = sourcecode.swift; path = ActivationScreen.swift; sourceTree = "<group>"; };
		1D18A6962137D294003D705B /* ActivationScreen.xib */ = {isa = PBXFileReference; lastKnownFileType = file.xib; path = ActivationScreen.xib; sourceTree = "<group>"; };
		1D18A69A2138137B003D705B /* MyUtils.swift */ = {isa = PBXFileReference; lastKnownFileType = sourcecode.swift; path = MyUtils.swift; sourceTree = "<group>"; };
		1D1DE03121397032003AAFAC /* CmsMaster.swift */ = {isa = PBXFileReference; lastKnownFileType = sourcecode.swift; path = CmsMaster.swift; sourceTree = "<group>"; };
		1D1DE03321397D1C003AAFAC /* DataStore.swift */ = {isa = PBXFileReference; lastKnownFileType = sourcecode.swift; path = DataStore.swift; sourceTree = "<group>"; };
		1D1DE0352139897B003AAFAC /* RestcallManager.swift */ = {isa = PBXFileReference; lastKnownFileType = sourcecode.swift; path = RestcallManager.swift; sourceTree = "<group>"; };
		1D219AD82126D8FF0078B9F3 /* MerchandiseLIst.xib */ = {isa = PBXFileReference; lastKnownFileType = file.xib; path = MerchandiseLIst.xib; sourceTree = "<group>"; };
		1D219ADA2126DD5C0078B9F3 /* product_img.png */ = {isa = PBXFileReference; lastKnownFileType = image.png; path = product_img.png; sourceTree = "<group>"; };
		1D36BAC421108A370024FB89 /* Splash.swift */ = {isa = PBXFileReference; lastKnownFileType = sourcecode.swift; path = Splash.swift; sourceTree = "<group>"; };
		1D36BAC521108A370024FB89 /* Splash.xib */ = {isa = PBXFileReference; lastKnownFileType = file.xib; path = Splash.xib; sourceTree = "<group>"; };
		1D36BAC821108F0F0024FB89 /* m_logo.png */ = {isa = PBXFileReference; lastKnownFileType = image.png; path = m_logo.png; sourceTree = "<group>"; };
		1D36BACB211092410024FB89 /* background.png */ = {isa = PBXFileReference; lastKnownFileType = image.png; path = background.png; sourceTree = "<group>"; };
		1D36BACD211092610024FB89 /* background_568.png */ = {isa = PBXFileReference; lastKnownFileType = image.png; path = background_568.png; sourceTree = "<group>"; };
		1D36BACF2110A0EA0024FB89 /* rider_rating.png */ = {isa = PBXFileReference; lastKnownFileType = image.png; path = rider_rating.png; sourceTree = "<group>"; };
		1D36BAD12110A18F0024FB89 /* close.png */ = {isa = PBXFileReference; lastKnownFileType = image.png; path = close.png; sourceTree = "<group>"; };
		1D4775A421392D0E00365F06 /* BaseViewController.swift */ = {isa = PBXFileReference; lastKnownFileType = sourcecode.swift; path = BaseViewController.swift; sourceTree = "<group>"; };
		1D6C6E30210EEC4600652369 /* marcoisland.app */ = {isa = PBXFileReference; explicitFileType = wrapper.application; includeInIndex = 0; path = marcoisland.app; sourceTree = BUILT_PRODUCTS_DIR; };
		1D6C6E33210EEC4600652369 /* AppDelegate.swift */ = {isa = PBXFileReference; lastKnownFileType = sourcecode.swift; path = AppDelegate.swift; sourceTree = "<group>"; };
		1D6C6E35210EEC4600652369 /* TabbarController.swift */ = {isa = PBXFileReference; lastKnownFileType = sourcecode.swift; path = TabbarController.swift; sourceTree = "<group>"; };
		1D6C6E38210EEC4600652369 /* Base */ = {isa = PBXFileReference; lastKnownFileType = file.storyboard; name = Base; path = Base.lproj/Main.storyboard; sourceTree = "<group>"; };
		1D6C6E3A210EEC4800652369 /* Assets.xcassets */ = {isa = PBXFileReference; lastKnownFileType = folder.assetcatalog; path = Assets.xcassets; sourceTree = "<group>"; };
		1D6C6E3D210EEC4800652369 /* Base */ = {isa = PBXFileReference; lastKnownFileType = file.storyboard; name = Base; path = Base.lproj/LaunchScreen.storyboard; sourceTree = "<group>"; };
		1D6C6E3F210EEC4800652369 /* Info.plist */ = {isa = PBXFileReference; lastKnownFileType = text.plist.xml; path = Info.plist; sourceTree = "<group>"; };
		1D7ADE12213E5A7600061AC8 /* UserMaster.swift */ = {isa = PBXFileReference; lastKnownFileType = sourcecode.swift; path = UserMaster.swift; sourceTree = "<group>"; };
		1D7ADE14213E8FB400061AC8 /* logo_black.png */ = {isa = PBXFileReference; lastKnownFileType = image.png; path = logo_black.png; sourceTree = "<group>"; };
		1D7ADE16213EB59A00061AC8 /* paradise_grill.png */ = {isa = PBXFileReference; lastKnownFileType = image.png; path = paradise_grill.png; sourceTree = "<group>"; };
		1D7ADE17213EB59B00061AC8 /* membership.png */ = {isa = PBXFileReference; lastKnownFileType = image.png; path = membership.png; sourceTree = "<group>"; };
		1D7ADE18213EB59B00061AC8 /* digital_beach_pass.png */ = {isa = PBXFileReference; lastKnownFileType = image.png; path = digital_beach_pass.png; sourceTree = "<group>"; };
		1D7ADE19213EB59B00061AC8 /* marco_island_bg.png */ = {isa = PBXFileReference; lastKnownFileType = image.png; path = marco_island_bg.png; sourceTree = "<group>"; };
		1D7ADE1E213EBF1900061AC8 /* HomeViewController.swift */ = {isa = PBXFileReference; lastKnownFileType = sourcecode.swift; path = HomeViewController.swift; sourceTree = "<group>"; };
		1D7ADE20213EC7F500061AC8 /* DashboardMaster.swift */ = {isa = PBXFileReference; fileEncoding = 4; lastKnownFileType = sourcecode.swift; path = DashboardMaster.swift; sourceTree = "<group>"; };
		1D7ADE23213ED10C00061AC8 /* marcoisland-Bridging-Header.h */ = {isa = PBXFileReference; lastKnownFileType = sourcecode.c.h; path = "marcoisland-Bridging-Header.h"; sourceTree = "<group>"; };
		1D7ADE24213ED10F00061AC8 /* AsyncImageView.h */ = {isa = PBXFileReference; fileEncoding = 4; lastKnownFileType = sourcecode.c.h; path = AsyncImageView.h; sourceTree = "<group>"; };
		1D7ADE25213ED10F00061AC8 /* AsyncImageView.m */ = {isa = PBXFileReference; fileEncoding = 4; lastKnownFileType = sourcecode.c.objc; path = AsyncImageView.m; sourceTree = "<group>"; };
		1D9D2F01211323A600867DB1 /* DashboardItem.xib */ = {isa = PBXFileReference; lastKnownFileType = file.xib; path = DashboardItem.xib; sourceTree = "<group>"; };
		1D9D2F03211325F200867DB1 /* beach_opening_bg.png */ = {isa = PBXFileReference; lastKnownFileType = image.png; path = beach_opening_bg.png; sourceTree = "<group>"; };
		1D9D2F0521132DAF00867DB1 /* LoginPopup.xib */ = {isa = PBXFileReference; lastKnownFileType = file.xib; path = LoginPopup.xib; sourceTree = "<group>"; };
		1D9F8CB7213D43E600E10DB6 /* AFNetworking.framework */ = {isa = PBXFileReference; explicitFileType = wrapper.framework; path = AFNetworking.framework; sourceTree = BUILT_PRODUCTS_DIR; };
		1D9F8CB9213D43E900E10DB6 /* Alamofire.framework */ = {isa = PBXFileReference; explicitFileType = wrapper.framework; path = Alamofire.framework; sourceTree = BUILT_PRODUCTS_DIR; };
		1D9F8CBC213D463400E10DB6 /* Connectivity.swift */ = {isa = PBXFileReference; lastKnownFileType = sourcecode.swift; path = Connectivity.swift; sourceTree = "<group>"; };
		1D9F8CBE213D4DCF00E10DB6 /* WebServiceResponse.swift */ = {isa = PBXFileReference; lastKnownFileType = sourcecode.swift; path = WebServiceResponse.swift; sourceTree = "<group>"; };
		1D9F8CC1213D6F0400E10DB6 /* GlobalVariable.swift */ = {isa = PBXFileReference; lastKnownFileType = sourcecode.swift; path = GlobalVariable.swift; sourceTree = "<group>"; };
		BECB3F46D9A6158CA663E04D /* Pods-marcoisland.debug.xcconfig */ = {isa = PBXFileReference; includeInIndex = 1; lastKnownFileType = text.xcconfig; name = "Pods-marcoisland.debug.xcconfig"; path = "Pods/Target Support Files/Pods-marcoisland/Pods-marcoisland.debug.xcconfig"; sourceTree = "<group>"; };
		DB96681F7C0320529C19BDD5 /* Pods_marcoisland.framework */ = {isa = PBXFileReference; explicitFileType = wrapper.framework; includeInIndex = 0; path = Pods_marcoisland.framework; sourceTree = BUILT_PRODUCTS_DIR; };
		DCD29F64213F0548008FAC63 /* BeachPassViewController.swift */ = {isa = PBXFileReference; lastKnownFileType = sourcecode.swift; path = BeachPassViewController.swift; sourceTree = "<group>"; };
		DCD29F66213F0780008FAC63 /* right_arrow.png */ = {isa = PBXFileReference; lastKnownFileType = image.png; path = right_arrow.png; sourceTree = "<group>"; };
		DCD29F67213F0780008FAC63 /* no_image.png */ = {isa = PBXFileReference; lastKnownFileType = image.png; path = no_image.png; sourceTree = "<group>"; };
		DCD29F68213F0781008FAC63 /* user_inactive_border.png */ = {isa = PBXFileReference; lastKnownFileType = image.png; path = user_inactive_border.png; sourceTree = "<group>"; };
		DCD29F69213F0781008FAC63 /* qr_code.png */ = {isa = PBXFileReference; lastKnownFileType = image.png; path = qr_code.png; sourceTree = "<group>"; };
		DCD29F6A213F0782008FAC63 /* product_img.png */ = {isa = PBXFileReference; lastKnownFileType = image.png; name = product_img.png; path = "../../../../Desktop/Android Project/macroisland/app/src/main/res/drawable/product_img.png"; sourceTree = "<group>"; };
		DCD29F6B213F0783008FAC63 /* user.png */ = {isa = PBXFileReference; lastKnownFileType = image.png; path = user.png; sourceTree = "<group>"; };
		DCD29F6C213F0784008FAC63 /* user_active_border.png */ = {isa = PBXFileReference; lastKnownFileType = image.png; path = user_active_border.png; sourceTree = "<group>"; };
		E4C8E39E6A602927B4E696A3 /* Pods-marcoisland.release.xcconfig */ = {isa = PBXFileReference; includeInIndex = 1; lastKnownFileType = text.xcconfig; name = "Pods-marcoisland.release.xcconfig"; path = "Pods/Target Support Files/Pods-marcoisland/Pods-marcoisland.release.xcconfig"; sourceTree = "<group>"; };
/* End PBXFileReference section */

/* Begin PBXFrameworksBuildPhase section */
		1D6C6E2D210EEC4600652369 /* Frameworks */ = {
			isa = PBXFrameworksBuildPhase;
			buildActionMask = 2147483647;
			files = (
				1D9F8CBA213D43E900E10DB6 /* Alamofire.framework in Frameworks */,
				1D9F8CB8213D43E600E10DB6 /* AFNetworking.framework in Frameworks */,
				D213691B95C3F7C4A7B13C92 /* Pods_marcoisland.framework in Frameworks */,
			);
			runOnlyForDeploymentPostprocessing = 0;
		};
/* End PBXFrameworksBuildPhase section */

/* Begin PBXGroup section */
		1D18A69921381337003D705B /* utils */ = {
			isa = PBXGroup;
			children = (
				1D18A69A2138137B003D705B /* MyUtils.swift */,
			);
			path = utils;
			sourceTree = "<group>";
		};
		1D1DE02E21396DDC003AAFAC /* DataStore */ = {
			isa = PBXGroup;
			children = (
				1D1DE03321397D1C003AAFAC /* DataStore.swift */,
			);
			path = DataStore;
			sourceTree = "<group>";
		};
		1D1DE02F21396DE5003AAFAC /* RestcallManager */ = {
			isa = PBXGroup;
			children = (
				1D1DE0352139897B003AAFAC /* RestcallManager.swift */,
				1D9F8CBE213D4DCF00E10DB6 /* WebServiceResponse.swift */,
			);
			path = RestcallManager;
			sourceTree = "<group>";
		};
		1D1DE03021396DF0003AAFAC /* Model */ = {
			isa = PBXGroup;
			children = (
				1D1DE03121397032003AAFAC /* CmsMaster.swift */,
				1D7ADE20213EC7F500061AC8 /* DashboardMaster.swift */,
				1D7ADE12213E5A7600061AC8 /* UserMaster.swift */,
			);
			path = Model;
			sourceTree = "<group>";
		};
		1D36BACA21108F1A0024FB89 /* images */ = {
			isa = PBXGroup;
			children = (
				1D219ADA2126DD5C0078B9F3 /* product_img.png */,
				DCD29F67213F0780008FAC63 /* no_image.png */,
				DCD29F6A213F0782008FAC63 /* product_img.png */,
				DCD29F69213F0781008FAC63 /* qr_code.png */,
				DCD29F66213F0780008FAC63 /* right_arrow.png */,
				DCD29F6C213F0784008FAC63 /* user_active_border.png */,
				DCD29F68213F0781008FAC63 /* user_inactive_border.png */,
				DCD29F6B213F0783008FAC63 /* user.png */,
				1D7ADE14213E8FB400061AC8 /* logo_black.png */,
				1D9D2F03211325F200867DB1 /* beach_opening_bg.png */,
				1D7ADE18213EB59B00061AC8 /* digital_beach_pass.png */,
				1D7ADE19213EB59B00061AC8 /* marco_island_bg.png */,
				1D7ADE17213EB59B00061AC8 /* membership.png */,
				1D7ADE16213EB59A00061AC8 /* paradise_grill.png */,
				1D36BAD12110A18F0024FB89 /* close.png */,
				1D36BACF2110A0EA0024FB89 /* rider_rating.png */,
				1D36BACB211092410024FB89 /* background.png */,
				1D36BACD211092610024FB89 /* background_568.png */,
				1D36BAC821108F0F0024FB89 /* m_logo.png */,
			);
			path = images;
			sourceTree = "<group>";
		};
		1D4775A321392CC500365F06 /* BaseViewController */ = {
			isa = PBXGroup;
			children = (
				1D4775A421392D0E00365F06 /* BaseViewController.swift */,
			);
			path = BaseViewController;
			sourceTree = "<group>";
		};
		1D6C6E27210EEC4600652369 = {
			isa = PBXGroup;
			children = (
				1D6C6E32210EEC4600652369 /* marcoisland */,
				1D6C6E31210EEC4600652369 /* Products */,
				AF5F72791A81289D23DCC961 /* Pods */,
				2E65320977FF1CB58B549D91 /* Frameworks */,
			);
			sourceTree = "<group>";
		};
		1D6C6E31210EEC4600652369 /* Products */ = {
			isa = PBXGroup;
			children = (
				1D6C6E30210EEC4600652369 /* marcoisland.app */,
			);
			name = Products;
			sourceTree = "<group>";
		};
		1D6C6E32210EEC4600652369 /* marcoisland */ = {
			isa = PBXGroup;
			children = (
				1D7ADE27213ED17300061AC8 /* ViewController */,
				1D7ADE22213ED0EA00061AC8 /* AsyncImageView */,
				1D9F8CC0213D6EEB00E10DB6 /* GlobalVariable */,
				1D9F8CBB213D461900E10DB6 /* Connectivity */,
				1D1DE03021396DF0003AAFAC /* Model */,
				1D1DE02F21396DE5003AAFAC /* RestcallManager */,
				1D1DE02E21396DDC003AAFAC /* DataStore */,
				1D4775A321392CC500365F06 /* BaseViewController */,
				1D18A69921381337003D705B /* utils */,
				1D36BACA21108F1A0024FB89 /* images */,
				1D6C6E33210EEC4600652369 /* AppDelegate.swift */,
				1D6C6E35210EEC4600652369 /* TabbarController.swift */,
				1D6C6E37210EEC4600652369 /* Main.storyboard */,
				1D6C6E3A210EEC4800652369 /* Assets.xcassets */,
				1D6C6E3C210EEC4800652369 /* LaunchScreen.storyboard */,
				1D6C6E3F210EEC4800652369 /* Info.plist */,
				1D9D2F01211323A600867DB1 /* DashboardItem.xib */,
				1D9D2F0521132DAF00867DB1 /* LoginPopup.xib */,
				1D219AD82126D8FF0078B9F3 /* MerchandiseLIst.xib */,
			);
			path = marcoisland;
			sourceTree = "<group>";
		};
		1D7ADE22213ED0EA00061AC8 /* AsyncImageView */ = {
			isa = PBXGroup;
			children = (
				1D7ADE24213ED10F00061AC8 /* AsyncImageView.h */,
				1D7ADE25213ED10F00061AC8 /* AsyncImageView.m */,
				1D7ADE23213ED10C00061AC8 /* marcoisland-Bridging-Header.h */,
			);
			path = AsyncImageView;
			sourceTree = "<group>";
		};
		1D7ADE27213ED17300061AC8 /* ViewController */ = {
			isa = PBXGroup;
			children = (
				1D36BAC421108A370024FB89 /* Splash.swift */,
				1D36BAC521108A370024FB89 /* Splash.xib */,
				1D18A6952137D294003D705B /* ActivationScreen.swift */,
				1D18A6962137D294003D705B /* ActivationScreen.xib */,
				1D7ADE1E213EBF1900061AC8 /* HomeViewController.swift */,
				DCD29F64213F0548008FAC63 /* BeachPassViewController.swift */,
			);
			path = ViewController;
			sourceTree = "<group>";
		};
		1D9F8CBB213D461900E10DB6 /* Connectivity */ = {
			isa = PBXGroup;
			children = (
				1D9F8CBC213D463400E10DB6 /* Connectivity.swift */,
			);
			path = Connectivity;
			sourceTree = "<group>";
		};
		1D9F8CC0213D6EEB00E10DB6 /* GlobalVariable */ = {
			isa = PBXGroup;
			children = (
				1D9F8CC1213D6F0400E10DB6 /* GlobalVariable.swift */,
			);
			path = GlobalVariable;
			sourceTree = "<group>";
		};
		2E65320977FF1CB58B549D91 /* Frameworks */ = {
			isa = PBXGroup;
			children = (
				1D9F8CB9213D43E900E10DB6 /* Alamofire.framework */,
				1D9F8CB7213D43E600E10DB6 /* AFNetworking.framework */,
				DB96681F7C0320529C19BDD5 /* Pods_marcoisland.framework */,
			);
			name = Frameworks;
			sourceTree = "<group>";
		};
		AF5F72791A81289D23DCC961 /* Pods */ = {
			isa = PBXGroup;
			children = (
				BECB3F46D9A6158CA663E04D /* Pods-marcoisland.debug.xcconfig */,
				E4C8E39E6A602927B4E696A3 /* Pods-marcoisland.release.xcconfig */,
			);
			name = Pods;
			sourceTree = "<group>";
		};
/* End PBXGroup section */

/* Begin PBXNativeTarget section */
		1D6C6E2F210EEC4600652369 /* marcoisland */ = {
			isa = PBXNativeTarget;
			buildConfigurationList = 1D6C6E42210EEC4800652369 /* Build configuration list for PBXNativeTarget "marcoisland" */;
			buildPhases = (
				91DACAF2E169EA43DCB78012 /* [CP] Check Pods Manifest.lock */,
				1D6C6E2C210EEC4600652369 /* Sources */,
				1D6C6E2D210EEC4600652369 /* Frameworks */,
				1D6C6E2E210EEC4600652369 /* Resources */,
				763C5C9655D29B9B156F85C2 /* [CP] Embed Pods Frameworks */,
			);
			buildRules = (
			);
			dependencies = (
			);
			name = marcoisland;
			productName = marcoisland;
			productReference = 1D6C6E30210EEC4600652369 /* marcoisland.app */;
			productType = "com.apple.product-type.application";
		};
/* End PBXNativeTarget section */

/* Begin PBXProject section */
		1D6C6E28210EEC4600652369 /* Project object */ = {
			isa = PBXProject;
			attributes = {
				LastSwiftUpdateCheck = 0930;
				LastUpgradeCheck = 0930;
				ORGANIZATIONNAME = Infologic;
				TargetAttributes = {
					1D6C6E2F210EEC4600652369 = {
						CreatedOnToolsVersion = 9.3;
						LastSwiftMigration = 0930;
					};
				};
			};
			buildConfigurationList = 1D6C6E2B210EEC4600652369 /* Build configuration list for PBXProject "marcoisland" */;
			compatibilityVersion = "Xcode 9.3";
			developmentRegion = en;
			hasScannedForEncodings = 0;
			knownRegions = (
				en,
				Base,
			);
			mainGroup = 1D6C6E27210EEC4600652369;
			productRefGroup = 1D6C6E31210EEC4600652369 /* Products */;
			projectDirPath = "";
			projectRoot = "";
			targets = (
				1D6C6E2F210EEC4600652369 /* marcoisland */,
			);
		};
/* End PBXProject section */

/* Begin PBXResourcesBuildPhase section */
		1D6C6E2E210EEC4600652369 /* Resources */ = {
			isa = PBXResourcesBuildPhase;
			buildActionMask = 2147483647;
			files = (
				1D36BAD22110A1900024FB89 /* close.png in Resources */,
				1D6C6E3E210EEC4800652369 /* LaunchScreen.storyboard in Resources */,
				1D36BACC211092410024FB89 /* background.png in Resources */,
				DCD29F70213F0784008FAC63 /* qr_code.png in Resources */,
				DCD29F73213F0784008FAC63 /* user_active_border.png in Resources */,
				1D6C6E3B210EEC4800652369 /* Assets.xcassets in Resources */,
				1D7ADE1D213EB59B00061AC8 /* marco_island_bg.png in Resources */,
				DCD29F6D213F0784008FAC63 /* right_arrow.png in Resources */,
				1D9D2F0621132DAF00867DB1 /* LoginPopup.xib in Resources */,
				DCD29F6F213F0784008FAC63 /* user_inactive_border.png in Resources */,
				1D7ADE1C213EB59B00061AC8 /* digital_beach_pass.png in Resources */,
				1D36BAC921108F100024FB89 /* m_logo.png in Resources */,
				1D18A6982137D294003D705B /* ActivationScreen.xib in Resources */,
				1D7ADE1B213EB59B00061AC8 /* membership.png in Resources */,
				1D219AD92126D8FF0078B9F3 /* MerchandiseLIst.xib in Resources */,
				1D9D2F04211325F200867DB1 /* beach_opening_bg.png in Resources */,
				DCD29F71213F0784008FAC63 /* product_img.png in Resources */,
				1D36BAC721108A370024FB89 /* Splash.xib in Resources */,
				1D36BAD02110A0EA0024FB89 /* rider_rating.png in Resources */,
				1D7ADE1A213EB59B00061AC8 /* paradise_grill.png in Resources */,
				1D6C6E39210EEC4600652369 /* Main.storyboard in Resources */,
				1D36BACE211092610024FB89 /* background_568.png in Resources */,
				1D9D2F02211323A600867DB1 /* DashboardItem.xib in Resources */,
				1D7ADE15213E8FB700061AC8 /* logo_black.png in Resources */,
				DCD29F6E213F0784008FAC63 /* no_image.png in Resources */,
				DCD29F72213F0784008FAC63 /* user.png in Resources */,
				1D219ADB2126DD5C0078B9F3 /* product_img.png in Resources */,
			);
			runOnlyForDeploymentPostprocessing = 0;
		};
/* End PBXResourcesBuildPhase section */

/* Begin PBXShellScriptBuildPhase section */
		763C5C9655D29B9B156F85C2 /* [CP] Embed Pods Frameworks */ = {
			isa = PBXShellScriptBuildPhase;
			buildActionMask = 2147483647;
			files = (
			);
			inputPaths = (
				"${SRCROOT}/Pods/Target Support Files/Pods-marcoisland/Pods-marcoisland-frameworks.sh",
				"${BUILT_PRODUCTS_DIR}/AFNetworking/AFNetworking.framework",
				"${BUILT_PRODUCTS_DIR}/Alamofire/Alamofire.framework",
			);
			name = "[CP] Embed Pods Frameworks";
			outputPaths = (
				"${TARGET_BUILD_DIR}/${FRAMEWORKS_FOLDER_PATH}/AFNetworking.framework",
				"${TARGET_BUILD_DIR}/${FRAMEWORKS_FOLDER_PATH}/Alamofire.framework",
			);
			runOnlyForDeploymentPostprocessing = 0;
			shellPath = /bin/sh;
			shellScript = "\"${SRCROOT}/Pods/Target Support Files/Pods-marcoisland/Pods-marcoisland-frameworks.sh\"\n";
			showEnvVarsInLog = 0;
		};
		91DACAF2E169EA43DCB78012 /* [CP] Check Pods Manifest.lock */ = {
			isa = PBXShellScriptBuildPhase;
			buildActionMask = 2147483647;
			files = (
			);
			inputPaths = (
				"${PODS_PODFILE_DIR_PATH}/Podfile.lock",
				"${PODS_ROOT}/Manifest.lock",
			);
			name = "[CP] Check Pods Manifest.lock";
			outputPaths = (
				"$(DERIVED_FILE_DIR)/Pods-marcoisland-checkManifestLockResult.txt",
			);
			runOnlyForDeploymentPostprocessing = 0;
			shellPath = /bin/sh;
			shellScript = "diff \"${PODS_PODFILE_DIR_PATH}/Podfile.lock\" \"${PODS_ROOT}/Manifest.lock\" > /dev/null\nif [ $? != 0 ] ; then\n    # print error to STDERR\n    echo \"error: The sandbox is not in sync with the Podfile.lock. Run 'pod install' or update your CocoaPods installation.\" >&2\n    exit 1\nfi\n# This output is used by Xcode 'outputs' to avoid re-running this script phase.\necho \"SUCCESS\" > \"${SCRIPT_OUTPUT_FILE_0}\"\n";
			showEnvVarsInLog = 0;
		};
/* End PBXShellScriptBuildPhase section */

/* Begin PBXSourcesBuildPhase section */
		1D6C6E2C210EEC4600652369 /* Sources */ = {
			isa = PBXSourcesBuildPhase;
			buildActionMask = 2147483647;
			files = (
				1D6C6E36210EEC4600652369 /* TabbarController.swift in Sources */,
				1D1DE0362139897B003AAFAC /* RestcallManager.swift in Sources */,
				1D9F8CC2213D6F0400E10DB6 /* GlobalVariable.swift in Sources */,
				1D9F8CBD213D463400E10DB6 /* Connectivity.swift in Sources */,
				1D1DE03421397D1C003AAFAC /* DataStore.swift in Sources */,
				1D7ADE1F213EBF1900061AC8 /* HomeViewController.swift in Sources */,
				1D18A69B2138137B003D705B /* MyUtils.swift in Sources */,
				1D7ADE26213ED11000061AC8 /* AsyncImageView.m in Sources */,
				DCD29F65213F0548008FAC63 /* BeachPassViewController.swift in Sources */,
				1D9F8CBF213D4DD000E10DB6 /* WebServiceResponse.swift in Sources */,
				1D36BAC621108A370024FB89 /* Splash.swift in Sources */,
				1D7ADE13213E5A7600061AC8 /* UserMaster.swift in Sources */,
				1D7ADE21213EC7F600061AC8 /* DashboardMaster.swift in Sources */,
				1D6C6E34210EEC4600652369 /* AppDelegate.swift in Sources */,
				1D18A6972137D294003D705B /* ActivationScreen.swift in Sources */,
				1D4775A521392D0E00365F06 /* BaseViewController.swift in Sources */,
				1D1DE03221397032003AAFAC /* CmsMaster.swift in Sources */,
			);
			runOnlyForDeploymentPostprocessing = 0;
		};
/* End PBXSourcesBuildPhase section */

/* Begin PBXVariantGroup section */
		1D6C6E37210EEC4600652369 /* Main.storyboard */ = {
			isa = PBXVariantGroup;
			children = (
				1D6C6E38210EEC4600652369 /* Base */,
			);
			name = Main.storyboard;
			sourceTree = "<group>";
		};
		1D6C6E3C210EEC4800652369 /* LaunchScreen.storyboard */ = {
			isa = PBXVariantGroup;
			children = (
				1D6C6E3D210EEC4800652369 /* Base */,
			);
			name = LaunchScreen.storyboard;
			sourceTree = "<group>";
		};
/* End PBXVariantGroup section */

/* Begin XCBuildConfiguration section */
		1D6C6E40210EEC4800652369 /* Debug */ = {
			isa = XCBuildConfiguration;
			buildSettings = {
				ALWAYS_SEARCH_USER_PATHS = NO;
				CLANG_ANALYZER_NONNULL = YES;
				CLANG_ANALYZER_NUMBER_OBJECT_CONVERSION = YES_AGGRESSIVE;
				CLANG_CXX_LANGUAGE_STANDARD = "gnu++14";
				CLANG_CXX_LIBRARY = "libc++";
				CLANG_ENABLE_MODULES = YES;
				CLANG_ENABLE_OBJC_ARC = YES;
				CLANG_ENABLE_OBJC_WEAK = YES;
				CLANG_WARN_BLOCK_CAPTURE_AUTORELEASING = YES;
				CLANG_WARN_BOOL_CONVERSION = YES;
				CLANG_WARN_COMMA = YES;
				CLANG_WARN_CONSTANT_CONVERSION = YES;
				CLANG_WARN_DEPRECATED_OBJC_IMPLEMENTATIONS = YES;
				CLANG_WARN_DIRECT_OBJC_ISA_USAGE = YES_ERROR;
				CLANG_WARN_DOCUMENTATION_COMMENTS = YES;
				CLANG_WARN_EMPTY_BODY = YES;
				CLANG_WARN_ENUM_CONVERSION = YES;
				CLANG_WARN_INFINITE_RECURSION = YES;
				CLANG_WARN_INT_CONVERSION = YES;
				CLANG_WARN_NON_LITERAL_NULL_CONVERSION = YES;
				CLANG_WARN_OBJC_IMPLICIT_RETAIN_SELF = YES;
				CLANG_WARN_OBJC_LITERAL_CONVERSION = YES;
				CLANG_WARN_OBJC_ROOT_CLASS = YES_ERROR;
				CLANG_WARN_RANGE_LOOP_ANALYSIS = YES;
				CLANG_WARN_STRICT_PROTOTYPES = YES;
				CLANG_WARN_SUSPICIOUS_MOVE = YES;
				CLANG_WARN_UNGUARDED_AVAILABILITY = YES_AGGRESSIVE;
				CLANG_WARN_UNREACHABLE_CODE = YES;
				CLANG_WARN__DUPLICATE_METHOD_MATCH = YES;
				CODE_SIGN_IDENTITY = "iPhone Developer";
				COPY_PHASE_STRIP = NO;
				DEBUG_INFORMATION_FORMAT = dwarf;
				ENABLE_STRICT_OBJC_MSGSEND = YES;
				ENABLE_TESTABILITY = YES;
				GCC_C_LANGUAGE_STANDARD = gnu11;
				GCC_DYNAMIC_NO_PIC = NO;
				GCC_NO_COMMON_BLOCKS = YES;
				GCC_OPTIMIZATION_LEVEL = 0;
				GCC_PREPROCESSOR_DEFINITIONS = (
					"DEBUG=1",
					"$(inherited)",
				);
				GCC_WARN_64_TO_32_BIT_CONVERSION = YES;
				GCC_WARN_ABOUT_RETURN_TYPE = YES_ERROR;
				GCC_WARN_UNDECLARED_SELECTOR = YES;
				GCC_WARN_UNINITIALIZED_AUTOS = YES_AGGRESSIVE;
				GCC_WARN_UNUSED_FUNCTION = YES;
				GCC_WARN_UNUSED_VARIABLE = YES;
				IPHONEOS_DEPLOYMENT_TARGET = 11.3;
				MTL_ENABLE_DEBUG_INFO = YES;
				ONLY_ACTIVE_ARCH = YES;
				SDKROOT = iphoneos;
				SWIFT_ACTIVE_COMPILATION_CONDITIONS = DEBUG;
				SWIFT_OPTIMIZATION_LEVEL = "-Onone";
			};
			name = Debug;
		};
		1D6C6E41210EEC4800652369 /* Release */ = {
			isa = XCBuildConfiguration;
			buildSettings = {
				ALWAYS_SEARCH_USER_PATHS = NO;
				CLANG_ANALYZER_NONNULL = YES;
				CLANG_ANALYZER_NUMBER_OBJECT_CONVERSION = YES_AGGRESSIVE;
				CLANG_CXX_LANGUAGE_STANDARD = "gnu++14";
				CLANG_CXX_LIBRARY = "libc++";
				CLANG_ENABLE_MODULES = YES;
				CLANG_ENABLE_OBJC_ARC = YES;
				CLANG_ENABLE_OBJC_WEAK = YES;
				CLANG_WARN_BLOCK_CAPTURE_AUTORELEASING = YES;
				CLANG_WARN_BOOL_CONVERSION = YES;
				CLANG_WARN_COMMA = YES;
				CLANG_WARN_CONSTANT_CONVERSION = YES;
				CLANG_WARN_DEPRECATED_OBJC_IMPLEMENTATIONS = YES;
				CLANG_WARN_DIRECT_OBJC_ISA_USAGE = YES_ERROR;
				CLANG_WARN_DOCUMENTATION_COMMENTS = YES;
				CLANG_WARN_EMPTY_BODY = YES;
				CLANG_WARN_ENUM_CONVERSION = YES;
				CLANG_WARN_INFINITE_RECURSION = YES;
				CLANG_WARN_INT_CONVERSION = YES;
				CLANG_WARN_NON_LITERAL_NULL_CONVERSION = YES;
				CLANG_WARN_OBJC_IMPLICIT_RETAIN_SELF = YES;
				CLANG_WARN_OBJC_LITERAL_CONVERSION = YES;
				CLANG_WARN_OBJC_ROOT_CLASS = YES_ERROR;
				CLANG_WARN_RANGE_LOOP_ANALYSIS = YES;
				CLANG_WARN_STRICT_PROTOTYPES = YES;
				CLANG_WARN_SUSPICIOUS_MOVE = YES;
				CLANG_WARN_UNGUARDED_AVAILABILITY = YES_AGGRESSIVE;
				CLANG_WARN_UNREACHABLE_CODE = YES;
				CLANG_WARN__DUPLICATE_METHOD_MATCH = YES;
				CODE_SIGN_IDENTITY = "iPhone Developer";
				COPY_PHASE_STRIP = NO;
				DEBUG_INFORMATION_FORMAT = "dwarf-with-dsym";
				ENABLE_NS_ASSERTIONS = NO;
				ENABLE_STRICT_OBJC_MSGSEND = YES;
				GCC_C_LANGUAGE_STANDARD = gnu11;
				GCC_NO_COMMON_BLOCKS = YES;
				GCC_WARN_64_TO_32_BIT_CONVERSION = YES;
				GCC_WARN_ABOUT_RETURN_TYPE = YES_ERROR;
				GCC_WARN_UNDECLARED_SELECTOR = YES;
				GCC_WARN_UNINITIALIZED_AUTOS = YES_AGGRESSIVE;
				GCC_WARN_UNUSED_FUNCTION = YES;
				GCC_WARN_UNUSED_VARIABLE = YES;
				IPHONEOS_DEPLOYMENT_TARGET = 11.3;
				MTL_ENABLE_DEBUG_INFO = NO;
				SDKROOT = iphoneos;
				SWIFT_COMPILATION_MODE = wholemodule;
				SWIFT_OPTIMIZATION_LEVEL = "-O";
				VALIDATE_PRODUCT = YES;
			};
			name = Release;
		};
		1D6C6E43210EEC4800652369 /* Debug */ = {
			isa = XCBuildConfiguration;
			baseConfigurationReference = BECB3F46D9A6158CA663E04D /* Pods-marcoisland.debug.xcconfig */;
			buildSettings = {
				ASSETCATALOG_COMPILER_APPICON_NAME = AppIcon;
				ASSETCATALOG_COMPILER_LAUNCHIMAGE_NAME = LaunchImage;
				CLANG_ENABLE_MODULES = YES;
				CODE_SIGN_IDENTITY = "iPhone Developer";
				CODE_SIGN_STYLE = Automatic;
				DEVELOPMENT_TEAM = 76PG75763U;
				INFOPLIST_FILE = marcoisland/Info.plist;
				LD_RUNPATH_SEARCH_PATHS = (
					"$(inherited)",
					"@executable_path/Frameworks",
				);
				PRODUCT_BUNDLE_IDENTIFIER = com.ild.marcoisland;
				PRODUCT_NAME = "$(TARGET_NAME)";
				PROVISIONING_PROFILE_SPECIFIER = "";
				SWIFT_OBJC_BRIDGING_HEADER = "marcoisland/AsyncImageView/marcoisland-Bridging-Header.h";
				SWIFT_OPTIMIZATION_LEVEL = "-Onone";
				SWIFT_VERSION = 4.0;
				TARGETED_DEVICE_FAMILY = 1;
			};
			name = Debug;
		};
		1D6C6E44210EEC4800652369 /* Release */ = {
			isa = XCBuildConfiguration;
			baseConfigurationReference = E4C8E39E6A602927B4E696A3 /* Pods-marcoisland.release.xcconfig */;
			buildSettings = {
				ASSETCATALOG_COMPILER_APPICON_NAME = AppIcon;
				ASSETCATALOG_COMPILER_LAUNCHIMAGE_NAME = LaunchImage;
				CLANG_ENABLE_MODULES = YES;
				CODE_SIGN_IDENTITY = "iPhone Developer";
				CODE_SIGN_STYLE = Automatic;
				DEVELOPMENT_TEAM = 76PG75763U;
				INFOPLIST_FILE = marcoisland/Info.plist;
				LD_RUNPATH_SEARCH_PATHS = (
					"$(inherited)",
					"@executable_path/Frameworks",
				);
				PRODUCT_BUNDLE_IDENTIFIER = com.ild.marcoisland;
				PRODUCT_NAME = "$(TARGET_NAME)";
				PROVISIONING_PROFILE_SPECIFIER = "";
				SWIFT_OBJC_BRIDGING_HEADER = "marcoisland/AsyncImageView/marcoisland-Bridging-Header.h";
				SWIFT_VERSION = 4.0;
				TARGETED_DEVICE_FAMILY = 1;
			};
			name = Release;
		};
/* End XCBuildConfiguration section */

/* Begin XCConfigurationList section */
		1D6C6E2B210EEC4600652369 /* Build configuration list for PBXProject "marcoisland" */ = {
			isa = XCConfigurationList;
			buildConfigurations = (
				1D6C6E40210EEC4800652369 /* Debug */,
				1D6C6E41210EEC4800652369 /* Release */,
			);
			defaultConfigurationIsVisible = 0;
			defaultConfigurationName = Release;
		};
		1D6C6E42210EEC4800652369 /* Build configuration list for PBXNativeTarget "marcoisland" */ = {
			isa = XCConfigurationList;
			buildConfigurations = (
				1D6C6E43210EEC4800652369 /* Debug */,
				1D6C6E44210EEC4800652369 /* Release */,
			);
			defaultConfigurationIsVisible = 0;
			defaultConfigurationName = Release;
		};
/* End XCConfigurationList section */
	};
	rootObject = 1D6C6E28210EEC4600652369 /* Project object */;
}
